
Microsoft Visual Studio Solution File, Format Version 12.00
# Visual Studio Version 16
VisualStudioVersion = 16.0.30011.22
MinimumVisualStudioVersion = 10.0.40219.1
Project("{FAE04EC0-301F-11D3-BF4B-00C04F79EFBC}") = "MonyCounter", "MonyCounter\MonyCounter.csproj", "{6CE5FC0B-49D5-470D-A04E-A558AE6CC91B}"
EndProject
Project("{FAE04EC0-301F-11D3-BF4B-00C04F79EFBC}") = "MonyCounterTestProj", "MonyCounterTestProj\MonyCounterTestProj.csproj", "{0C5AE83F-EA6C-4BF4-B841-429DC0421387}"
EndProject
Global
	GlobalSection(SolutionConfigurationPlatforms) = preSolution
		Debug|Any CPU = Debug|Any CPU
		Release|Any CPU = Release|Any CPU
	EndGlobalSection
	GlobalSection(ProjectConfigurationPlatforms) = postSolution
		{6CE5FC0B-49D5-470D-A04E-A558AE6CC91B}.Debug|Any CPU.ActiveCfg = Debug|Any CPU
		{6CE5FC0B-49D5-470D-A04E-A558AE6CC91B}.Debug|Any CPU.Build.0 = Debug|Any CPU
		{6CE5FC0B-49D5-470D-A04E-A558AE6CC91B}.Release|Any CPU.ActiveCfg = Release|Any CPU
		{6CE5FC0B-49D5-470D-A04E-A558AE6CC91B}.Release|Any CPU.Build.0 = Release|Any CPU
		{0C5AE83F-EA6C-4BF4-B841-429DC0421387}.Debug|Any CPU.ActiveCfg = Debug|Any CPU
		{0C5AE83F-EA6C-4BF4-B841-429DC0421387}.Debug|Any CPU.Build.0 = Debug|Any CPU
		{0C5AE83F-EA6C-4BF4-B841-429DC0421387}.Release|Any CPU.ActiveCfg = Release|Any CPU
		{0C5AE83F-EA6C-4BF4-B841-429DC0421387}.Release|Any CPU.Build.0 = Release|Any CPU
	EndGlobalSection
	GlobalSection(SolutionProperties) = preSolution
		HideSolutionNode = FALSE
	EndGlobalSection
	GlobalSection(ExtensibilityGlobals) = postSolution
		SolutionGuid = {038D33F3-A6D5-491A-8E9A-A73B30B0237A}
	EndGlobalSection
EndGlobal
